
Microsoft Visual Studio Solution File, Format Version 12.00
# Visual Studio Version 16
VisualStudioVersion = 16.0.33529.622
MinimumVisualStudioVersion = 10.0.40219.1
Project("{FAE04EC0-301F-11D3-BF4B-00C04F79EFBC}") = "TheEnd", "Exam-Morozov\TheEnd.csproj", "{1A2D8B72-E37F-4817-BA00-FF3B854E2DEF}"
EndProject
Global
	GlobalSection(SolutionConfigurationPlatforms) = preSolution
		Debug|Any CPU = Debug|Any CPU
		Release|Any CPU = Release|Any CPU
	EndGlobalSection
	GlobalSection(ProjectConfigurationPlatforms) = postSolution
		{1A2D8B72-E37F-4817-BA00-FF3B854E2DEF}.Debug|Any CPU.ActiveCfg = Debug|Any CPU
		{1A2D8B72-E37F-4817-BA00-FF3B854E2DEF}.Debug|Any CPU.Build.0 = Debug|Any CPU
		{1A2D8B72-E37F-4817-BA00-FF3B854E2DEF}.Release|Any CPU.ActiveCfg = Release|Any CPU
		{1A2D8B72-E37F-4817-BA00-FF3B854E2DEF}.Release|Any CPU.Build.0 = Release|Any CPU
	EndGlobalSection
	GlobalSection(SolutionProperties) = preSolution
		HideSolutionNode = FALSE
	EndGlobalSection
	GlobalSection(ExtensibilityGlobals) = postSolution
		SolutionGuid = {779EA4C3-B257-46A7-9E08-1B602B43F516}
	EndGlobalSection
EndGlobal
